{
  "name": "egret",
  "lockfileVersion": 2,
  "requires": true,
  "packages": {
    "": {
      "dependencies": {
        "cd": "^0.3.3"
      }
    },
    "node_modules/cd": {
      "version": "0.3.3",
      "resolved": "https://registry.npmjs.org/cd/-/cd-0.3.3.tgz",
      "integrity": "sha512-X2y0Ssu48ucdkrNgCdg6k3EZWjWVy/dsEywUUTeZEIW31f3bQfq65Svm+TzU1Hz+qqhdmyCdjGhUvRsSKHl/mw==",
      "engines": {
        "node": "*"
      }
    }
  },
  "dependencies": {
    "cd": {
      "version": "0.3.3",
      "resolved": "https://registry.npmjs.org/cd/-/cd-0.3.3.tgz",
      "integrity": "sha512-X2y0Ssu48ucdkrNgCdg6k3EZWjWVy/dsEywUUTeZEIW31f3bQfq65Svm+TzU1Hz+qqhdmyCdjGhUvRsSKHl/mw=="
    }
  }
}
